
Microsoft Visual Studio Solution File, Format Version 12.00
# Visual Studio Version 17
VisualStudioVersion = 17.9.34728.123
MinimumVisualStudioVersion = 10.0.40219.1
Project("{FAE04EC0-301F-11D3-BF4B-00C04F79EFBC}") = "FlatSettings.Api", "FlatSettings.Api\FlatSettings.Api.csproj", "{3AA5A8E7-47B7-425E-9FC3-9EAB8955D3D5}"
EndProject
Global
	GlobalSection(SolutionConfigurationPlatforms) = preSolution
		Debug|Any CPU = Debug|Any CPU
		Release|Any CPU = Release|Any CPU
	EndGlobalSection
	GlobalSection(ProjectConfigurationPlatforms) = postSolution
		{3AA5A8E7-47B7-425E-9FC3-9EAB8955D3D5}.Debug|Any CPU.ActiveCfg = Debug|Any CPU
		{3AA5A8E7-47B7-425E-9FC3-9EAB8955D3D5}.Debug|Any CPU.Build.0 = Debug|Any CPU
		{3AA5A8E7-47B7-425E-9FC3-9EAB8955D3D5}.Release|Any CPU.ActiveCfg = Release|Any CPU
		{3AA5A8E7-47B7-425E-9FC3-9EAB8955D3D5}.Release|Any CPU.Build.0 = Release|Any CPU
	EndGlobalSection
	GlobalSection(SolutionProperties) = preSolution
		HideSolutionNode = FALSE
	EndGlobalSection
	GlobalSection(ExtensibilityGlobals) = postSolution
		SolutionGuid = {9144EA6E-8107-48E8-9FD6-235607231770}
	EndGlobalSection
EndGlobal
